// !$*UTF8*$!
{
	archiveVersion = 1;
	classes = {
	};
	objectVersion = 56;
	objects = {

/* Begin PBXBuildFile section */
		171D02892ACEB429000B8E6F /* AppDelegate.swift in Sources */ = {isa = PBXBuildFile; fileRef = 171D02882ACEB429000B8E6F /* AppDelegate.swift */; };
		171D028B2ACEB429000B8E6F /* SceneDelegate.swift in Sources */ = {isa = PBXBuildFile; fileRef = 171D028A2ACEB429000B8E6F /* SceneDelegate.swift */; };
		171D028D2ACEB429000B8E6F /* MainViewController.swift in Sources */ = {isa = PBXBuildFile; fileRef = 171D028C2ACEB429000B8E6F /* MainViewController.swift */; };
		171D02922ACEB42B000B8E6F /* Assets.xcassets in Resources */ = {isa = PBXBuildFile; fileRef = 171D02912ACEB42B000B8E6F /* Assets.xcassets */; };
		171D02952ACEB42B000B8E6F /* LaunchScreen.storyboard in Resources */ = {isa = PBXBuildFile; fileRef = 171D02932ACEB42B000B8E6F /* LaunchScreen.storyboard */; };
		171D02A02ACEE890000B8E6F /* ScoreData.swift in Sources */ = {isa = PBXBuildFile; fileRef = 171D029F2ACEE890000B8E6F /* ScoreData.swift */; };
		171D02A32ACEE8EF000B8E6F /* NetworkManager.swift in Sources */ = {isa = PBXBuildFile; fileRef = 171D02A22ACEE8EF000B8E6F /* NetworkManager.swift */; };
		171D02A62ACEE98E000B8E6F /* SwiftSoup in Frameworks */ = {isa = PBXBuildFile; productRef = 171D02A52ACEE98E000B8E6F /* SwiftSoup */; };
		171D02A82ACEF49F000B8E6F /* NetworkError.swift in Sources */ = {isa = PBXBuildFile; fileRef = 171D02A72ACEF49F000B8E6F /* NetworkError.swift */; };
		44FC5B752ACEBB600092E412 /* ScoreTableViewCell.swift in Sources */ = {isa = PBXBuildFile; fileRef = 44FC5B742ACEBB600092E412 /* ScoreTableViewCell.swift */; };
		44FC5B982ACECA8D0092E412 /* UITableViewCell+.swift in Sources */ = {isa = PBXBuildFile; fileRef = 44FC5B972ACECA8D0092E412 /* UITableViewCell+.swift */; };
		44FC5B9B2ACECABC0092E412 /* ReuseIdentifiable.swift in Sources */ = {isa = PBXBuildFile; fileRef = 44FC5B9A2ACECABC0092E412 /* ReuseIdentifiable.swift */; };
/* End PBXBuildFile section */

/* Begin PBXFileReference section */
		171D02852ACEB429000B8E6F /* K-AGScore.app */ = {isa = PBXFileReference; explicitFileType = wrapper.application; includeInIndex = 0; path = "K-AGScore.app"; sourceTree = BUILT_PRODUCTS_DIR; };
		171D02882ACEB429000B8E6F /* AppDelegate.swift */ = {isa = PBXFileReference; lastKnownFileType = sourcecode.swift; path = AppDelegate.swift; sourceTree = "<group>"; };
		171D028A2ACEB429000B8E6F /* SceneDelegate.swift */ = {isa = PBXFileReference; lastKnownFileType = sourcecode.swift; path = SceneDelegate.swift; sourceTree = "<group>"; };
		171D028C2ACEB429000B8E6F /* MainViewController.swift */ = {isa = PBXFileReference; lastKnownFileType = sourcecode.swift; path = MainViewController.swift; sourceTree = "<group>"; };
		171D02912ACEB42B000B8E6F /* Assets.xcassets */ = {isa = PBXFileReference; lastKnownFileType = folder.assetcatalog; path = Assets.xcassets; sourceTree = "<group>"; };
		171D02942ACEB42B000B8E6F /* Base */ = {isa = PBXFileReference; lastKnownFileType = file.storyboard; name = Base; path = Base.lproj/LaunchScreen.storyboard; sourceTree = "<group>"; };
		171D02962ACEB42B000B8E6F /* Info.plist */ = {isa = PBXFileReference; lastKnownFileType = text.plist.xml; path = Info.plist; sourceTree = "<group>"; };
		171D029F2ACEE890000B8E6F /* ScoreData.swift */ = {isa = PBXFileReference; lastKnownFileType = sourcecode.swift; path = ScoreData.swift; sourceTree = "<group>"; };
		171D02A22ACEE8EF000B8E6F /* NetworkManager.swift */ = {isa = PBXFileReference; lastKnownFileType = sourcecode.swift; path = NetworkManager.swift; sourceTree = "<group>"; };
		171D02A72ACEF49F000B8E6F /* NetworkError.swift */ = {isa = PBXFileReference; lastKnownFileType = sourcecode.swift; path = NetworkError.swift; sourceTree = "<group>"; };
		44FC5B742ACEBB600092E412 /* ScoreTableViewCell.swift */ = {isa = PBXFileReference; lastKnownFileType = sourcecode.swift; path = ScoreTableViewCell.swift; sourceTree = "<group>"; };
		44FC5B972ACECA8D0092E412 /* UITableViewCell+.swift */ = {isa = PBXFileReference; lastKnownFileType = sourcecode.swift; path = "UITableViewCell+.swift"; sourceTree = "<group>"; };
		44FC5B9A2ACECABC0092E412 /* ReuseIdentifiable.swift */ = {isa = PBXFileReference; lastKnownFileType = sourcecode.swift; path = ReuseIdentifiable.swift; sourceTree = "<group>"; };
/* End PBXFileReference section */

/* Begin PBXFrameworksBuildPhase section */
		171D02822ACEB429000B8E6F /* Frameworks */ = {
			isa = PBXFrameworksBuildPhase;
			buildActionMask = 2147483647;
			files = (
				171D02A62ACEE98E000B8E6F /* SwiftSoup in Frameworks */,
			);
			runOnlyForDeploymentPostprocessing = 0;
		};
/* End PBXFrameworksBuildPhase section */

/* Begin PBXGroup section */
		171D027C2ACEB429000B8E6F = {
			isa = PBXGroup;
			children = (
				171D02872ACEB429000B8E6F /* K-AGScore */,
				171D02862ACEB429000B8E6F /* Products */,
			);
			sourceTree = "<group>";
		};
		171D02862ACEB429000B8E6F /* Products */ = {
			isa = PBXGroup;
			children = (
				171D02852ACEB429000B8E6F /* K-AGScore.app */,
			);
			name = Products;
			sourceTree = "<group>";
		};
		171D02872ACEB429000B8E6F /* K-AGScore */ = {
			isa = PBXGroup;
			children = (
				171D02A12ACEE897000B8E6F /* Model */,
				44FC5B9D2ACECD400092E412 /* View */,
				44FC5B9E2ACECD460092E412 /* Controller */,
				44FC5B962ACECA500092E412 /* Extension */,
				44FC5B992ACECAAA0092E412 /* Utility */,
				44FC5BA12ACEDBD20092E412 /* Application */,
				171D02912ACEB42B000B8E6F /* Assets.xcassets */,
				171D02932ACEB42B000B8E6F /* LaunchScreen.storyboard */,
				171D02962ACEB42B000B8E6F /* Info.plist */,
			);
			path = "K-AGScore";
			sourceTree = "<group>";
		};
		171D02A12ACEE897000B8E6F /* Model */ = {
			isa = PBXGroup;
			children = (
				171D029F2ACEE890000B8E6F /* ScoreData.swift */,
				171D02A22ACEE8EF000B8E6F /* NetworkManager.swift */,
				171D02A72ACEF49F000B8E6F /* NetworkError.swift */,
			);
			path = Model;
			sourceTree = "<group>";
		};
		44FC5B962ACECA500092E412 /* Extension */ = {
			isa = PBXGroup;
			children = (
				44FC5B972ACECA8D0092E412 /* UITableViewCell+.swift */,
			);
			path = Extension;
			sourceTree = "<group>";
		};
		44FC5B992ACECAAA0092E412 /* Utility */ = {
			isa = PBXGroup;
			children = (
				44FC5B9A2ACECABC0092E412 /* ReuseIdentifiable.swift */,
			);
			path = Utility;
			sourceTree = "<group>";
		};
		44FC5B9D2ACECD400092E412 /* View */ = {
			isa = PBXGroup;
			children = (
				44FC5B742ACEBB600092E412 /* ScoreTableViewCell.swift */,
			);
			path = View;
			sourceTree = "<group>";
		};
		44FC5B9E2ACECD460092E412 /* Controller */ = {
			isa = PBXGroup;
			children = (
				171D028C2ACEB429000B8E6F /* MainViewController.swift */,
			);
			path = Controller;
			sourceTree = "<group>";
		};
		44FC5BA12ACEDBD20092E412 /* Application */ = {
			isa = PBXGroup;
			children = (
				171D02882ACEB429000B8E6F /* AppDelegate.swift */,
				171D028A2ACEB429000B8E6F /* SceneDelegate.swift */,
			);
			path = Application;
			sourceTree = "<group>";
		};
/* End PBXGroup section */

/* Begin PBXNativeTarget section */
		171D02842ACEB429000B8E6F /* K-AGScore */ = {
			isa = PBXNativeTarget;
			buildConfigurationList = 171D02992ACEB42B000B8E6F /* Build configuration list for PBXNativeTarget "K-AGScore" */;
			buildPhases = (
				171D02812ACEB429000B8E6F /* Sources */,
				171D02822ACEB429000B8E6F /* Frameworks */,
				171D02832ACEB429000B8E6F /* Resources */,
			);
			buildRules = (
			);
			dependencies = (
			);
			name = "K-AGScore";
			packageProductDependencies = (
				171D02A52ACEE98E000B8E6F /* SwiftSoup */,
			);
			productName = "K-AGScore";
			productReference = 171D02852ACEB429000B8E6F /* K-AGScore.app */;
			productType = "com.apple.product-type.application";
		};
/* End PBXNativeTarget section */

/* Begin PBXProject section */
		171D027D2ACEB429000B8E6F /* Project object */ = {
			isa = PBXProject;
			attributes = {
				BuildIndependentTargetsInParallel = 1;
				LastSwiftUpdateCheck = 1420;
				LastUpgradeCheck = 1420;
				TargetAttributes = {
					171D02842ACEB429000B8E6F = {
						CreatedOnToolsVersion = 14.2;
					};
				};
			};
			buildConfigurationList = 171D02802ACEB429000B8E6F /* Build configuration list for PBXProject "K-AGScore" */;
			compatibilityVersion = "Xcode 14.0";
			developmentRegion = en;
			hasScannedForEncodings = 0;
			knownRegions = (
				en,
				Base,
			);
			mainGroup = 171D027C2ACEB429000B8E6F;
			packageReferences = (
				171D02A42ACEE98E000B8E6F /* XCRemoteSwiftPackageReference "SwiftSoup" */,
			);
			productRefGroup = 171D02862ACEB429000B8E6F /* Products */;
			projectDirPath = "";
			projectRoot = "";
			targets = (
				171D02842ACEB429000B8E6F /* K-AGScore */,
			);
		};
/* End PBXProject section */

/* Begin PBXResourcesBuildPhase section */
		171D02832ACEB429000B8E6F /* Resources */ = {
			isa = PBXResourcesBuildPhase;
			buildActionMask = 2147483647;
			files = (
				171D02952ACEB42B000B8E6F /* LaunchScreen.storyboard in Resources */,
				171D02922ACEB42B000B8E6F /* Assets.xcassets in Resources */,
			);
			runOnlyForDeploymentPostprocessing = 0;
		};
/* End PBXResourcesBuildPhase section */

/* Begin PBXSourcesBuildPhase section */
		171D02812ACEB429000B8E6F /* Sources */ = {
			isa = PBXSourcesBuildPhase;
			buildActionMask = 2147483647;
			files = (
				171D028D2ACEB429000B8E6F /* MainViewController.swift in Sources */,
				171D02892ACEB429000B8E6F /* AppDelegate.swift in Sources */,
				44FC5B752ACEBB600092E412 /* ScoreTableViewCell.swift in Sources */,
				44FC5B982ACECA8D0092E412 /* UITableViewCell+.swift in Sources */,
				171D02A32ACEE8EF000B8E6F /* NetworkManager.swift in Sources */,
				44FC5B9B2ACECABC0092E412 /* ReuseIdentifiable.swift in Sources */,
				171D02A82ACEF49F000B8E6F /* NetworkError.swift in Sources */,
				171D02A02ACEE890000B8E6F /* ScoreData.swift in Sources */,
				171D028B2ACEB429000B8E6F /* SceneDelegate.swift in Sources */,
			);
			runOnlyForDeploymentPostprocessing = 0;
		};
/* End PBXSourcesBuildPhase section */

/* Begin PBXVariantGroup section */
		171D02932ACEB42B000B8E6F /* LaunchScreen.storyboard */ = {
			isa = PBXVariantGroup;
			children = (
				171D02942ACEB42B000B8E6F /* Base */,
			);
			name = LaunchScreen.storyboard;
			sourceTree = "<group>";
		};
/* End PBXVariantGroup section */

/* Begin XCBuildConfiguration section */
		171D02972ACEB42B000B8E6F /* Debug */ = {
			isa = XCBuildConfiguration;
			buildSettings = {
				ALWAYS_SEARCH_USER_PATHS = NO;
				CLANG_ANALYZER_NONNULL = YES;
				CLANG_ANALYZER_NUMBER_OBJECT_CONVERSION = YES_AGGRESSIVE;
				CLANG_CXX_LANGUAGE_STANDARD = "gnu++20";
				CLANG_ENABLE_MODULES = YES;
				CLANG_ENABLE_OBJC_ARC = YES;
				CLANG_ENABLE_OBJC_WEAK = YES;
				CLANG_WARN_BLOCK_CAPTURE_AUTORELEASING = YES;
				CLANG_WARN_BOOL_CONVERSION = YES;
				CLANG_WARN_COMMA = YES;
				CLANG_WARN_CONSTANT_CONVERSION = YES;
				CLANG_WARN_DEPRECATED_OBJC_IMPLEMENTATIONS = YES;
				CLANG_WARN_DIRECT_OBJC_ISA_USAGE = YES_ERROR;
				CLANG_WARN_DOCUMENTATION_COMMENTS = YES;
				CLANG_WARN_EMPTY_BODY = YES;
				CLANG_WARN_ENUM_CONVERSION = YES;
				CLANG_WARN_INFINITE_RECURSION = YES;
				CLANG_WARN_INT_CONVERSION = YES;
				CLANG_WARN_NON_LITERAL_NULL_CONVERSION = YES;
				CLANG_WARN_OBJC_IMPLICIT_RETAIN_SELF = YES;
				CLANG_WARN_OBJC_LITERAL_CONVERSION = YES;
				CLANG_WARN_OBJC_ROOT_CLASS = YES_ERROR;
				CLANG_WARN_QUOTED_INCLUDE_IN_FRAMEWORK_HEADER = YES;
				CLANG_WARN_RANGE_LOOP_ANALYSIS = YES;
				CLANG_WARN_STRICT_PROTOTYPES = YES;
				CLANG_WARN_SUSPICIOUS_MOVE = YES;
				CLANG_WARN_UNGUARDED_AVAILABILITY = YES_AGGRESSIVE;
				CLANG_WARN_UNREACHABLE_CODE = YES;
				CLANG_WARN__DUPLICATE_METHOD_MATCH = YES;
				COPY_PHASE_STRIP = NO;
				DEBUG_INFORMATION_FORMAT = dwarf;
				ENABLE_STRICT_OBJC_MSGSEND = YES;
				ENABLE_TESTABILITY = YES;
				GCC_C_LANGUAGE_STANDARD = gnu11;
				GCC_DYNAMIC_NO_PIC = NO;
				GCC_NO_COMMON_BLOCKS = YES;
				GCC_OPTIMIZATION_LEVEL = 0;
				GCC_PREPROCESSOR_DEFINITIONS = (
					"DEBUG=1",
					"$(inherited)",
				);
				GCC_WARN_64_TO_32_BIT_CONVERSION = YES;
				GCC_WARN_ABOUT_RETURN_TYPE = YES_ERROR;
				GCC_WARN_UNDECLARED_SELECTOR = YES;
				GCC_WARN_UNINITIALIZED_AUTOS = YES_AGGRESSIVE;
				GCC_WARN_UNUSED_FUNCTION = YES;
				GCC_WARN_UNUSED_VARIABLE = YES;
				IPHONEOS_DEPLOYMENT_TARGET = 16.2;
				MTL_ENABLE_DEBUG_INFO = INCLUDE_SOURCE;
				MTL_FAST_MATH = YES;
				ONLY_ACTIVE_ARCH = YES;
				SDKROOT = iphoneos;
				SWIFT_ACTIVE_COMPILATION_CONDITIONS = DEBUG;
				SWIFT_OPTIMIZATION_LEVEL = "-Onone";
			};
			name = Debug;
		};
		171D02982ACEB42B000B8E6F /* Release */ = {
			isa = XCBuildConfiguration;
			buildSettings = {
				ALWAYS_SEARCH_USER_PATHS = NO;
				CLANG_ANALYZER_NONNULL = YES;
				CLANG_ANALYZER_NUMBER_OBJECT_CONVERSION = YES_AGGRESSIVE;
				CLANG_CXX_LANGUAGE_STANDARD = "gnu++20";
				CLANG_ENABLE_MODULES = YES;
				CLANG_ENABLE_OBJC_ARC = YES;
				CLANG_ENABLE_OBJC_WEAK = YES;
				CLANG_WARN_BLOCK_CAPTURE_AUTORELEASING = YES;
				CLANG_WARN_BOOL_CONVERSION = YES;
				CLANG_WARN_COMMA = YES;
				CLANG_WARN_CONSTANT_CONVERSION = YES;
				CLANG_WARN_DEPRECATED_OBJC_IMPLEMENTATIONS = YES;
				CLANG_WARN_DIRECT_OBJC_ISA_USAGE = YES_ERROR;
				CLANG_WARN_DOCUMENTATION_COMMENTS = YES;
				CLANG_WARN_EMPTY_BODY = YES;
				CLANG_WARN_ENUM_CONVERSION = YES;
				CLANG_WARN_INFINITE_RECURSION = YES;
				CLANG_WARN_INT_CONVERSION = YES;
				CLANG_WARN_NON_LITERAL_NULL_CONVERSION = YES;
				CLANG_WARN_OBJC_IMPLICIT_RETAIN_SELF = YES;
				CLANG_WARN_OBJC_LITERAL_CONVERSION = YES;
				CLANG_WARN_OBJC_ROOT_CLASS = YES_ERROR;
				CLANG_WARN_QUOTED_INCLUDE_IN_FRAMEWORK_HEADER = YES;
				CLANG_WARN_RANGE_LOOP_ANALYSIS = YES;
				CLANG_WARN_STRICT_PROTOTYPES = YES;
				CLANG_WARN_SUSPICIOUS_MOVE = YES;
				CLANG_WARN_UNGUARDED_AVAILABILITY = YES_AGGRESSIVE;
				CLANG_WARN_UNREACHABLE_CODE = YES;
				CLANG_WARN__DUPLICATE_METHOD_MATCH = YES;
				COPY_PHASE_STRIP = NO;
				DEBUG_INFORMATION_FORMAT = "dwarf-with-dsym";
				ENABLE_NS_ASSERTIONS = NO;
				ENABLE_STRICT_OBJC_MSGSEND = YES;
				GCC_C_LANGUAGE_STANDARD = gnu11;
				GCC_NO_COMMON_BLOCKS = YES;
				GCC_WARN_64_TO_32_BIT_CONVERSION = YES;
				GCC_WARN_ABOUT_RETURN_TYPE = YES_ERROR;
				GCC_WARN_UNDECLARED_SELECTOR = YES;
				GCC_WARN_UNINITIALIZED_AUTOS = YES_AGGRESSIVE;
				GCC_WARN_UNUSED_FUNCTION = YES;
				GCC_WARN_UNUSED_VARIABLE = YES;
				IPHONEOS_DEPLOYMENT_TARGET = 16.2;
				MTL_ENABLE_DEBUG_INFO = NO;
				MTL_FAST_MATH = YES;
				SDKROOT = iphoneos;
				SWIFT_COMPILATION_MODE = wholemodule;
				SWIFT_OPTIMIZATION_LEVEL = "-O";
				VALIDATE_PRODUCT = YES;
			};
			name = Release;
		};
		171D029A2ACEB42B000B8E6F /* Debug */ = {
			isa = XCBuildConfiguration;
			buildSettings = {
				ASSETCATALOG_COMPILER_APPICON_NAME = AppIcon;
				ASSETCATALOG_COMPILER_GLOBAL_ACCENT_COLOR_NAME = AccentColor;
				CODE_SIGN_STYLE = Automatic;
				CURRENT_PROJECT_VERSION = 1;
				DEVELOPMENT_TEAM = 46957CX67H;
				GENERATE_INFOPLIST_FILE = YES;
				INFOPLIST_FILE = "K-AGScore/Info.plist";
				INFOPLIST_KEY_UIApplicationSupportsIndirectInputEvents = YES;
				INFOPLIST_KEY_UILaunchStoryboardName = LaunchScreen;
				INFOPLIST_KEY_UISupportedInterfaceOrientations_iPad = "UIInterfaceOrientationPortrait UIInterfaceOrientationPortraitUpsideDown UIInterfaceOrientationLandscapeLeft UIInterfaceOrientationLandscapeRight";
				INFOPLIST_KEY_UISupportedInterfaceOrientations_iPhone = "UIInterfaceOrientationPortrait UIInterfaceOrientationLandscapeLeft UIInterfaceOrientationLandscapeRight";
				LD_RUNPATH_SEARCH_PATHS = (
					"$(inherited)",
					"@executable_path/Frameworks",
				);
				MARKETING_VERSION = 1.0;
				PRODUCT_BUNDLE_IDENTIFIER = "MaryBaem.K-AGScore";
				PRODUCT_NAME = "$(TARGET_NAME)";
				SWIFT_EMIT_LOC_STRINGS = YES;
				SWIFT_VERSION = 5.0;
				TARGETED_DEVICE_FAMILY = "1,2";
			};
			name = Debug;
		};
		171D029B2ACEB42B000B8E6F /* Release */ = {
			isa = XCBuildConfiguration;
			buildSettings = {
				ASSETCATALOG_COMPILER_APPICON_NAME = AppIcon;
				ASSETCATALOG_COMPILER_GLOBAL_ACCENT_COLOR_NAME = AccentColor;
				CODE_SIGN_STYLE = Automatic;
				CURRENT_PROJECT_VERSION = 1;
				DEVELOPMENT_TEAM = 46957CX67H;
				GENERATE_INFOPLIST_FILE = YES;
				INFOPLIST_FILE = "K-AGScore/Info.plist";
				INFOPLIST_KEY_UIApplicationSupportsIndirectInputEvents = YES;
				INFOPLIST_KEY_UILaunchStoryboardName = LaunchScreen;
				INFOPLIST_KEY_UISupportedInterfaceOrientations_iPad = "UIInterfaceOrientationPortrait UIInterfaceOrientationPortraitUpsideDown UIInterfaceOrientationLandscapeLeft UIInterfaceOrientationLandscapeRight";
				INFOPLIST_KEY_UISupportedInterfaceOrientations_iPhone = "UIInterfaceOrientationPortrait UIInterfaceOrientationLandscapeLeft UIInterfaceOrientationLandscapeRight";
				LD_RUNPATH_SEARCH_PATHS = (
					"$(inherited)",
					"@executable_path/Frameworks",
				);
				MARKETING_VERSION = 1.0;
				PRODUCT_BUNDLE_IDENTIFIER = "MaryBaem.K-AGScore";
				PRODUCT_NAME = "$(TARGET_NAME)";
				SWIFT_EMIT_LOC_STRINGS = YES;
				SWIFT_VERSION = 5.0;
				TARGETED_DEVICE_FAMILY = "1,2";
			};
			name = Release;
		};
/* End XCBuildConfiguration section */

/* Begin XCConfigurationList section */
		171D02802ACEB429000B8E6F /* Build configuration list for PBXProject "K-AGScore" */ = {
			isa = XCConfigurationList;
			buildConfigurations = (
				171D02972ACEB42B000B8E6F /* Debug */,
				171D02982ACEB42B000B8E6F /* Release */,
			);
			defaultConfigurationIsVisible = 0;
			defaultConfigurationName = Release;
		};
		171D02992ACEB42B000B8E6F /* Build configuration list for PBXNativeTarget "K-AGScore" */ = {
			isa = XCConfigurationList;
			buildConfigurations = (
				171D029A2ACEB42B000B8E6F /* Debug */,
				171D029B2ACEB42B000B8E6F /* Release */,
			);
			defaultConfigurationIsVisible = 0;
			defaultConfigurationName = Release;
		};
/* End XCConfigurationList section */

/* Begin XCRemoteSwiftPackageReference section */
		171D02A42ACEE98E000B8E6F /* XCRemoteSwiftPackageReference "SwiftSoup" */ = {
			isa = XCRemoteSwiftPackageReference;
			repositoryURL = "https://github.com/scinfu/SwiftSoup.git";
			requirement = {
				kind = upToNextMajorVersion;
				minimumVersion = 2.0.0;
			};
		};
/* End XCRemoteSwiftPackageReference section */

/* Begin XCSwiftPackageProductDependency section */
		171D02A52ACEE98E000B8E6F /* SwiftSoup */ = {
			isa = XCSwiftPackageProductDependency;
			package = 171D02A42ACEE98E000B8E6F /* XCRemoteSwiftPackageReference "SwiftSoup" */;
			productName = SwiftSoup;
		};
/* End XCSwiftPackageProductDependency section */
	};
	rootObject = 171D027D2ACEB429000B8E6F /* Project object */;
}
